// !$*UTF8*$!
{
	archiveVersion = 1;
	classes = {
	};
	objectVersion = 56;
	objects = {

/* Begin PBXBuildFile section */
		AE4F67B22BA9B3B70019F805 /* Functions.swift in Sources */ = {isa = PBXBuildFile; fileRef = AE4F67B12BA9B3B70019F805 /* Functions.swift */; };
		AE5CD8AE2BA232E20096E5B1 /* IdentifiedCollections in Frameworks */ = {isa = PBXBuildFile; productRef = AE5CD8AD2BA232E20096E5B1 /* IdentifiedCollections */; };
		AE5CD8B02BA248E40096E5B1 /* SegmentEditingView.swift in Sources */ = {isa = PBXBuildFile; fileRef = AE5CD8AF2BA248E40096E5B1 /* SegmentEditingView.swift */; };
		AE5CD8CF2BA39A430096E5B1 /* PointEditingView.swift in Sources */ = {isa = PBXBuildFile; fileRef = AE5CD8CE2BA39A430096E5B1 /* PointEditingView.swift */; };
		AE5CD8D12BA837A80096E5B1 /* CoreGraphics+.swift in Sources */ = {isa = PBXBuildFile; fileRef = AE5CD8D02BA837A80096E5B1 /* CoreGraphics+.swift */; };
		AEC196282B97447B00028971 /* GeometryEffectExampleApp.swift in Sources */ = {isa = PBXBuildFile; fileRef = AEC196272B97447B00028971 /* GeometryEffectExampleApp.swift */; };
		AEC1962A2B97447B00028971 /* ContentView.swift in Sources */ = {isa = PBXBuildFile; fileRef = AEC196292B97447B00028971 /* ContentView.swift */; };
		AEC1962C2B97447C00028971 /* Assets.xcassets in Resources */ = {isa = PBXBuildFile; fileRef = AEC1962B2B97447C00028971 /* Assets.xcassets */; };
		AEC196302B97447C00028971 /* Preview Assets.xcassets in Resources */ = {isa = PBXBuildFile; fileRef = AEC1962F2B97447C00028971 /* Preview Assets.xcassets */; };
		AEC1963D2B9746F200028971 /* GeometryEffect in Frameworks */ = {isa = PBXBuildFile; productRef = AEC1963C2B9746F200028971 /* GeometryEffect */; };
/* End PBXBuildFile section */

/* Begin PBXFileReference section */
		AE4F67B12BA9B3B70019F805 /* Functions.swift */ = {isa = PBXFileReference; lastKnownFileType = sourcecode.swift; path = Functions.swift; sourceTree = "<group>"; };
		AE5CD8AF2BA248E40096E5B1 /* SegmentEditingView.swift */ = {isa = PBXFileReference; lastKnownFileType = sourcecode.swift; path = SegmentEditingView.swift; sourceTree = "<group>"; };
		AE5CD8CE2BA39A430096E5B1 /* PointEditingView.swift */ = {isa = PBXFileReference; lastKnownFileType = sourcecode.swift; path = PointEditingView.swift; sourceTree = "<group>"; };
		AE5CD8D02BA837A80096E5B1 /* CoreGraphics+.swift */ = {isa = PBXFileReference; lastKnownFileType = sourcecode.swift; path = "CoreGraphics+.swift"; sourceTree = "<group>"; };
		AEC196242B97447B00028971 /* GeometryEffectExample.app */ = {isa = PBXFileReference; explicitFileType = wrapper.application; includeInIndex = 0; path = GeometryEffectExample.app; sourceTree = BUILT_PRODUCTS_DIR; };
		AEC196272B97447B00028971 /* GeometryEffectExampleApp.swift */ = {isa = PBXFileReference; lastKnownFileType = sourcecode.swift; path = GeometryEffectExampleApp.swift; sourceTree = "<group>"; };
		AEC196292B97447B00028971 /* ContentView.swift */ = {isa = PBXFileReference; lastKnownFileType = sourcecode.swift; path = ContentView.swift; sourceTree = "<group>"; };
		AEC1962B2B97447C00028971 /* Assets.xcassets */ = {isa = PBXFileReference; lastKnownFileType = folder.assetcatalog; path = Assets.xcassets; sourceTree = "<group>"; };
		AEC1962D2B97447C00028971 /* GeometryEffectExample.entitlements */ = {isa = PBXFileReference; lastKnownFileType = text.plist.entitlements; path = GeometryEffectExample.entitlements; sourceTree = "<group>"; };
		AEC1962F2B97447C00028971 /* Preview Assets.xcassets */ = {isa = PBXFileReference; lastKnownFileType = folder.assetcatalog; path = "Preview Assets.xcassets"; sourceTree = "<group>"; };
		AEC196382B97469C00028971 /* GeometryEffect */ = {isa = PBXFileReference; lastKnownFileType = wrapper; name = GeometryEffect; path = ..; sourceTree = "<group>"; };
/* End PBXFileReference section */

/* Begin PBXFrameworksBuildPhase section */
		AEC196212B97447B00028971 /* Frameworks */ = {
			isa = PBXFrameworksBuildPhase;
			buildActionMask = 2147483647;
			files = (
				AEC1963D2B9746F200028971 /* GeometryEffect in Frameworks */,
				AE5CD8AE2BA232E20096E5B1 /* IdentifiedCollections in Frameworks */,
			);
			runOnlyForDeploymentPostprocessing = 0;
		};
/* End PBXFrameworksBuildPhase section */

/* Begin PBXGroup section */
		AEC1961B2B97447B00028971 = {
			isa = PBXGroup;
			children = (
				AEC196382B97469C00028971 /* GeometryEffect */,
				AEC196262B97447B00028971 /* GeometryEffectExample */,
				AEC196252B97447B00028971 /* Products */,
				AEC1963B2B9746F200028971 /* Frameworks */,
			);
			sourceTree = "<group>";
		};
		AEC196252B97447B00028971 /* Products */ = {
			isa = PBXGroup;
			children = (
				AEC196242B97447B00028971 /* GeometryEffectExample.app */,
			);
			name = Products;
			sourceTree = "<group>";
		};
		AEC196262B97447B00028971 /* GeometryEffectExample */ = {
			isa = PBXGroup;
			children = (
				AEC196272B97447B00028971 /* GeometryEffectExampleApp.swift */,
				AEC196292B97447B00028971 /* ContentView.swift */,
				AEC1962B2B97447C00028971 /* Assets.xcassets */,
				AEC1962D2B97447C00028971 /* GeometryEffectExample.entitlements */,
				AEC1962E2B97447C00028971 /* Preview Content */,
				AE5CD8AF2BA248E40096E5B1 /* SegmentEditingView.swift */,
				AE5CD8CE2BA39A430096E5B1 /* PointEditingView.swift */,
				AE5CD8D02BA837A80096E5B1 /* CoreGraphics+.swift */,
				AE4F67B12BA9B3B70019F805 /* Functions.swift */,
			);
			path = GeometryEffectExample;
			sourceTree = "<group>";
		};
		AEC1962E2B97447C00028971 /* Preview Content */ = {
			isa = PBXGroup;
			children = (
				AEC1962F2B97447C00028971 /* Preview Assets.xcassets */,
			);
			path = "Preview Content";
			sourceTree = "<group>";
		};
		AEC1963B2B9746F200028971 /* Frameworks */ = {
			isa = PBXGroup;
			children = (
			);
			name = Frameworks;
			sourceTree = "<group>";
		};
/* End PBXGroup section */

/* Begin PBXNativeTarget section */
		AEC196232B97447B00028971 /* GeometryEffectExample */ = {
			isa = PBXNativeTarget;
			buildConfigurationList = AEC196332B97447C00028971 /* Build configuration list for PBXNativeTarget "GeometryEffectExample" */;
			buildPhases = (
				AEC196202B97447B00028971 /* Sources */,
				AEC196212B97447B00028971 /* Frameworks */,
				AEC196222B97447B00028971 /* Resources */,
			);
			buildRules = (
			);
			dependencies = (
			);
			name = GeometryEffectExample;
			packageProductDependencies = (
				AEC1963C2B9746F200028971 /* GeometryEffect */,
				AE5CD8AD2BA232E20096E5B1 /* IdentifiedCollections */,
			);
			productName = GeometryEffectExample;
			productReference = AEC196242B97447B00028971 /* GeometryEffectExample.app */;
			productType = "com.apple.product-type.application";
		};
/* End PBXNativeTarget section */

/* Begin PBXProject section */
		AEC1961C2B97447B00028971 /* Project object */ = {
			isa = PBXProject;
			attributes = {
				BuildIndependentTargetsInParallel = 1;
				LastSwiftUpdateCheck = 1520;
				LastUpgradeCheck = 1530;
				TargetAttributes = {
					AEC196232B97447B00028971 = {
						CreatedOnToolsVersion = 15.2;
					};
				};
			};
			buildConfigurationList = AEC1961F2B97447B00028971 /* Build configuration list for PBXProject "GeometryEffectExample" */;
			compatibilityVersion = "Xcode 14.0";
			developmentRegion = en;
			hasScannedForEncodings = 0;
			knownRegions = (
				en,
				Base,
			);
			mainGroup = AEC1961B2B97447B00028971;
			packageReferences = (
				AE5CD8AC2BA232E20096E5B1 /* XCRemoteSwiftPackageReference "swift-identified-collections" */,
			);
			productRefGroup = AEC196252B97447B00028971 /* Products */;
			projectDirPath = "";
			projectRoot = "";
			targets = (
				AEC196232B97447B00028971 /* GeometryEffectExample */,
			);
		};
/* End PBXProject section */

/* Begin PBXResourcesBuildPhase section */
		AEC196222B97447B00028971 /* Resources */ = {
			isa = PBXResourcesBuildPhase;
			buildActionMask = 2147483647;
			files = (
				AEC196302B97447C00028971 /* Preview Assets.xcassets in Resources */,
				AEC1962C2B97447C00028971 /* Assets.xcassets in Resources */,
			);
			runOnlyForDeploymentPostprocessing = 0;
		};
/* End PBXResourcesBuildPhase section */

/* Begin PBXSourcesBuildPhase section */
		AEC196202B97447B00028971 /* Sources */ = {
			isa = PBXSourcesBuildPhase;
			buildActionMask = 2147483647;
			files = (
				AE5CD8B02BA248E40096E5B1 /* SegmentEditingView.swift in Sources */,
				AE5CD8D12BA837A80096E5B1 /* CoreGraphics+.swift in Sources */,
				AE5CD8CF2BA39A430096E5B1 /* PointEditingView.swift in Sources */,
				AEC1962A2B97447B00028971 /* ContentView.swift in Sources */,
				AEC196282B97447B00028971 /* GeometryEffectExampleApp.swift in Sources */,
				AE4F67B22BA9B3B70019F805 /* Functions.swift in Sources */,
			);
			runOnlyForDeploymentPostprocessing = 0;
		};
/* End PBXSourcesBuildPhase section */

/* Begin XCBuildConfiguration section */
		AEC196312B97447C00028971 /* Debug */ = {
			isa = XCBuildConfiguration;
			buildSettings = {
				ALWAYS_SEARCH_USER_PATHS = NO;
				ASSETCATALOG_COMPILER_GENERATE_SWIFT_ASSET_SYMBOL_EXTENSIONS = YES;
				CLANG_ANALYZER_NONNULL = YES;
				CLANG_ANALYZER_NUMBER_OBJECT_CONVERSION = YES_AGGRESSIVE;
				CLANG_CXX_LANGUAGE_STANDARD = "gnu++20";
				CLANG_ENABLE_MODULES = YES;
				CLANG_ENABLE_OBJC_ARC = YES;
				CLANG_ENABLE_OBJC_WEAK = YES;
				CLANG_WARN_BLOCK_CAPTURE_AUTORELEASING = YES;
				CLANG_WARN_BOOL_CONVERSION = YES;
				CLANG_WARN_COMMA = YES;
				CLANG_WARN_CONSTANT_CONVERSION = YES;
				CLANG_WARN_DEPRECATED_OBJC_IMPLEMENTATIONS = YES;
				CLANG_WARN_DIRECT_OBJC_ISA_USAGE = YES_ERROR;
				CLANG_WARN_DOCUMENTATION_COMMENTS = YES;
				CLANG_WARN_EMPTY_BODY = YES;
				CLANG_WARN_ENUM_CONVERSION = YES;
				CLANG_WARN_INFINITE_RECURSION = YES;
				CLANG_WARN_INT_CONVERSION = YES;
				CLANG_WARN_NON_LITERAL_NULL_CONVERSION = YES;
				CLANG_WARN_OBJC_IMPLICIT_RETAIN_SELF = YES;
				CLANG_WARN_OBJC_LITERAL_CONVERSION = YES;
				CLANG_WARN_OBJC_ROOT_CLASS = YES_ERROR;
				CLANG_WARN_QUOTED_INCLUDE_IN_FRAMEWORK_HEADER = YES;
				CLANG_WARN_RANGE_LOOP_ANALYSIS = YES;
				CLANG_WARN_STRICT_PROTOTYPES = YES;
				CLANG_WARN_SUSPICIOUS_MOVE = YES;
				CLANG_WARN_UNGUARDED_AVAILABILITY = YES_AGGRESSIVE;
				CLANG_WARN_UNREACHABLE_CODE = YES;
				CLANG_WARN__DUPLICATE_METHOD_MATCH = YES;
				COPY_PHASE_STRIP = NO;
				DEAD_CODE_STRIPPING = YES;
				DEBUG_INFORMATION_FORMAT = dwarf;
				ENABLE_STRICT_OBJC_MSGSEND = YES;
				ENABLE_TESTABILITY = YES;
				ENABLE_USER_SCRIPT_SANDBOXING = YES;
				GCC_C_LANGUAGE_STANDARD = gnu17;
				GCC_DYNAMIC_NO_PIC = NO;
				GCC_NO_COMMON_BLOCKS = YES;
				GCC_OPTIMIZATION_LEVEL = 0;
				GCC_PREPROCESSOR_DEFINITIONS = (
					"DEBUG=1",
					"$(inherited)",
				);
				GCC_WARN_64_TO_32_BIT_CONVERSION = YES;
				GCC_WARN_ABOUT_RETURN_TYPE = YES_ERROR;
				GCC_WARN_UNDECLARED_SELECTOR = YES;
				GCC_WARN_UNINITIALIZED_AUTOS = YES_AGGRESSIVE;
				GCC_WARN_UNUSED_FUNCTION = YES;
				GCC_WARN_UNUSED_VARIABLE = YES;
				LOCALIZATION_PREFERS_STRING_CATALOGS = YES;
				MTL_ENABLE_DEBUG_INFO = INCLUDE_SOURCE;
				MTL_FAST_MATH = YES;
				ONLY_ACTIVE_ARCH = YES;
				SWIFT_ACTIVE_COMPILATION_CONDITIONS = "DEBUG $(inherited)";
				SWIFT_OPTIMIZATION_LEVEL = "-Onone";
			};
			name = Debug;
		};
		AEC196322B97447C00028971 /* Release */ = {
			isa = XCBuildConfiguration;
			buildSettings = {
				ALWAYS_SEARCH_USER_PATHS = NO;
				ASSETCATALOG_COMPILER_GENERATE_SWIFT_ASSET_SYMBOL_EXTENSIONS = YES;
				CLANG_ANALYZER_NONNULL = YES;
				CLANG_ANALYZER_NUMBER_OBJECT_CONVERSION = YES_AGGRESSIVE;
				CLANG_CXX_LANGUAGE_STANDARD = "gnu++20";
				CLANG_ENABLE_MODULES = YES;
				CLANG_ENABLE_OBJC_ARC = YES;
				CLANG_ENABLE_OBJC_WEAK = YES;
				CLANG_WARN_BLOCK_CAPTURE_AUTORELEASING = YES;
				CLANG_WARN_BOOL_CONVERSION = YES;
				CLANG_WARN_COMMA = YES;
				CLANG_WARN_CONSTANT_CONVERSION = YES;
				CLANG_WARN_DEPRECATED_OBJC_IMPLEMENTATIONS = YES;
				CLANG_WARN_DIRECT_OBJC_ISA_USAGE = YES_ERROR;
				CLANG_WARN_DOCUMENTATION_COMMENTS = YES;
				CLANG_WARN_EMPTY_BODY = YES;
				CLANG_WARN_ENUM_CONVERSION = YES;
				CLANG_WARN_INFINITE_RECURSION = YES;
				CLANG_WARN_INT_CONVERSION = YES;
				CLANG_WARN_NON_LITERAL_NULL_CONVERSION = YES;
				CLANG_WARN_OBJC_IMPLICIT_RETAIN_SELF = YES;
				CLANG_WARN_OBJC_LITERAL_CONVERSION = YES;
				CLANG_WARN_OBJC_ROOT_CLASS = YES_ERROR;
				CLANG_WARN_QUOTED_INCLUDE_IN_FRAMEWORK_HEADER = YES;
				CLANG_WARN_RANGE_LOOP_ANALYSIS = YES;
				CLANG_WARN_STRICT_PROTOTYPES = YES;
				CLANG_WARN_SUSPICIOUS_MOVE = YES;
				CLANG_WARN_UNGUARDED_AVAILABILITY = YES_AGGRESSIVE;
				CLANG_WARN_UNREACHABLE_CODE = YES;
				CLANG_WARN__DUPLICATE_METHOD_MATCH = YES;
				COPY_PHASE_STRIP = NO;
				DEAD_CODE_STRIPPING = YES;
				DEBUG_INFORMATION_FORMAT = "dwarf-with-dsym";
				ENABLE_NS_ASSERTIONS = NO;
				ENABLE_STRICT_OBJC_MSGSEND = YES;
				ENABLE_USER_SCRIPT_SANDBOXING = YES;
				GCC_C_LANGUAGE_STANDARD = gnu17;
				GCC_NO_COMMON_BLOCKS = YES;
				GCC_WARN_64_TO_32_BIT_CONVERSION = YES;
				GCC_WARN_ABOUT_RETURN_TYPE = YES_ERROR;
				GCC_WARN_UNDECLARED_SELECTOR = YES;
				GCC_WARN_UNINITIALIZED_AUTOS = YES_AGGRESSIVE;
				GCC_WARN_UNUSED_FUNCTION = YES;
				GCC_WARN_UNUSED_VARIABLE = YES;
				LOCALIZATION_PREFERS_STRING_CATALOGS = YES;
				MTL_ENABLE_DEBUG_INFO = NO;
				MTL_FAST_MATH = YES;
				SWIFT_COMPILATION_MODE = wholemodule;
			};
			name = Release;
		};
		AEC196342B97447C00028971 /* Debug */ = {
			isa = XCBuildConfiguration;
			buildSettings = {
				ASSETCATALOG_COMPILER_APPICON_NAME = AppIcon;
				ASSETCATALOG_COMPILER_GLOBAL_ACCENT_COLOR_NAME = AccentColor;
				CODE_SIGN_ENTITLEMENTS = GeometryEffectExample/GeometryEffectExample.entitlements;
				CODE_SIGN_STYLE = Automatic;
				CURRENT_PROJECT_VERSION = 1;
				DEAD_CODE_STRIPPING = YES;
				DEVELOPMENT_ASSET_PATHS = "\"GeometryEffectExample/Preview Content\"";
				DEVELOPMENT_TEAM = S4YLM87KXX;
				ENABLE_HARDENED_RUNTIME = YES;
				ENABLE_PREVIEWS = YES;
				GENERATE_INFOPLIST_FILE = YES;
				"INFOPLIST_KEY_UIApplicationSceneManifest_Generation[sdk=iphoneos*]" = YES;
				"INFOPLIST_KEY_UIApplicationSceneManifest_Generation[sdk=iphonesimulator*]" = YES;
				"INFOPLIST_KEY_UIApplicationSupportsIndirectInputEvents[sdk=iphoneos*]" = YES;
				"INFOPLIST_KEY_UIApplicationSupportsIndirectInputEvents[sdk=iphonesimulator*]" = YES;
				"INFOPLIST_KEY_UILaunchScreen_Generation[sdk=iphoneos*]" = YES;
				"INFOPLIST_KEY_UILaunchScreen_Generation[sdk=iphonesimulator*]" = YES;
				"INFOPLIST_KEY_UIStatusBarStyle[sdk=iphoneos*]" = UIStatusBarStyleDefault;
				"INFOPLIST_KEY_UIStatusBarStyle[sdk=iphonesimulator*]" = UIStatusBarStyleDefault;
				INFOPLIST_KEY_UISupportedInterfaceOrientations_iPad = "UIInterfaceOrientationPortrait UIInterfaceOrientationPortraitUpsideDown UIInterfaceOrientationLandscapeLeft UIInterfaceOrientationLandscapeRight";
				INFOPLIST_KEY_UISupportedInterfaceOrientations_iPhone = "UIInterfaceOrientationPortrait UIInterfaceOrientationLandscapeLeft UIInterfaceOrientationLandscapeRight";
				IPHONEOS_DEPLOYMENT_TARGET = 17.0;
				LD_RUNPATH_SEARCH_PATHS = "@executable_path/Frameworks";
				"LD_RUNPATH_SEARCH_PATHS[sdk=macosx*]" = "@executable_path/../Frameworks";
				MACOSX_DEPLOYMENT_TARGET = 14.0;
				MARKETING_VERSION = 1.0;
				PRODUCT_BUNDLE_IDENTIFIER = com.mczarnik.GeometryEffectExampl;
				PRODUCT_NAME = "$(TARGET_NAME)";
				SDKROOT = auto;
				SUPPORTED_PLATFORMS = "iphoneos iphonesimulator macosx";
				SWIFT_EMIT_LOC_STRINGS = YES;
				SWIFT_VERSION = 5.0;
				TARGETED_DEVICE_FAMILY = "1,2";
			};
			name = Debug;
		};
		AEC196352B97447C00028971 /* Release */ = {
			isa = XCBuildConfiguration;
			buildSettings = {
				ASSETCATALOG_COMPILER_APPICON_NAME = AppIcon;
				ASSETCATALOG_COMPILER_GLOBAL_ACCENT_COLOR_NAME = AccentColor;
				CODE_SIGN_ENTITLEMENTS = GeometryEffectExample/GeometryEffectExample.entitlements;
				CODE_SIGN_STYLE = Automatic;
				CURRENT_PROJECT_VERSION = 1;
				DEAD_CODE_STRIPPING = YES;
				DEVELOPMENT_ASSET_PATHS = "\"GeometryEffectExample/Preview Content\"";
				DEVELOPMENT_TEAM = S4YLM87KXX;
				ENABLE_HARDENED_RUNTIME = YES;
				ENABLE_PREVIEWS = YES;
				GENERATE_INFOPLIST_FILE = YES;
				"INFOPLIST_KEY_UIApplicationSceneManifest_Generation[sdk=iphoneos*]" = YES;
				"INFOPLIST_KEY_UIApplicationSceneManifest_Generation[sdk=iphonesimulator*]" = YES;
				"INFOPLIST_KEY_UIApplicationSupportsIndirectInputEvents[sdk=iphoneos*]" = YES;
				"INFOPLIST_KEY_UIApplicationSupportsIndirectInputEvents[sdk=iphonesimulator*]" = YES;
				"INFOPLIST_KEY_UILaunchScreen_Generation[sdk=iphoneos*]" = YES;
				"INFOPLIST_KEY_UILaunchScreen_Generation[sdk=iphonesimulator*]" = YES;
				"INFOPLIST_KEY_UIStatusBarStyle[sdk=iphoneos*]" = UIStatusBarStyleDefault;
				"INFOPLIST_KEY_UIStatusBarStyle[sdk=iphonesimulator*]" = UIStatusBarStyleDefault;
				INFOPLIST_KEY_UISupportedInterfaceOrientations_iPad = "UIInterfaceOrientationPortrait UIInterfaceOrientationPortraitUpsideDown UIInterfaceOrientationLandscapeLeft UIInterfaceOrientationLandscapeRight";
				INFOPLIST_KEY_UISupportedInterfaceOrientations_iPhone = "UIInterfaceOrientationPortrait UIInterfaceOrientationLandscapeLeft UIInterfaceOrientationLandscapeRight";
				IPHONEOS_DEPLOYMENT_TARGET = 17.0;
				LD_RUNPATH_SEARCH_PATHS = "@executable_path/Frameworks";
				"LD_RUNPATH_SEARCH_PATHS[sdk=macosx*]" = "@executable_path/../Frameworks";
				MACOSX_DEPLOYMENT_TARGET = 14.0;
				MARKETING_VERSION = 1.0;
				PRODUCT_BUNDLE_IDENTIFIER = com.mczarnik.GeometryEffectExampl;
				PRODUCT_NAME = "$(TARGET_NAME)";
				SDKROOT = auto;
				SUPPORTED_PLATFORMS = "iphoneos iphonesimulator macosx";
				SWIFT_EMIT_LOC_STRINGS = YES;
				SWIFT_VERSION = 5.0;
				TARGETED_DEVICE_FAMILY = "1,2";
			};
			name = Release;
		};
/* End XCBuildConfiguration section */

/* Begin XCConfigurationList section */
		AEC1961F2B97447B00028971 /* Build configuration list for PBXProject "GeometryEffectExample" */ = {
			isa = XCConfigurationList;
			buildConfigurations = (
				AEC196312B97447C00028971 /* Debug */,
				AEC196322B97447C00028971 /* Release */,
			);
			defaultConfigurationIsVisible = 0;
			defaultConfigurationName = Release;
		};
		AEC196332B97447C00028971 /* Build configuration list for PBXNativeTarget "GeometryEffectExample" */ = {
			isa = XCConfigurationList;
			buildConfigurations = (
				AEC196342B97447C00028971 /* Debug */,
				AEC196352B97447C00028971 /* Release */,
			);
			defaultConfigurationIsVisible = 0;
			defaultConfigurationName = Release;
		};
/* End XCConfigurationList section */

/* Begin XCRemoteSwiftPackageReference section */
		AE5CD8AC2BA232E20096E5B1 /* XCRemoteSwiftPackageReference "swift-identified-collections" */ = {
			isa = XCRemoteSwiftPackageReference;
			repositoryURL = "https://github.com/pointfreeco/swift-identified-collections.git";
			requirement = {
				kind = upToNextMajorVersion;
				minimumVersion = 1.0.0;
			};
		};
/* End XCRemoteSwiftPackageReference section */

/* Begin XCSwiftPackageProductDependency section */
		AE5CD8AD2BA232E20096E5B1 /* IdentifiedCollections */ = {
			isa = XCSwiftPackageProductDependency;
			package = AE5CD8AC2BA232E20096E5B1 /* XCRemoteSwiftPackageReference "swift-identified-collections" */;
			productName = IdentifiedCollections;
		};
		AEC1963C2B9746F200028971 /* GeometryEffect */ = {
			isa = XCSwiftPackageProductDependency;
			productName = GeometryEffect;
		};
/* End XCSwiftPackageProductDependency section */
	};
	rootObject = AEC1961C2B97447B00028971 /* Project object */;
}
